
Microsoft Visual Studio Solution File, Format Version 12.00
# Visual Studio Version 16
VisualStudioVersion = 16.0.33801.447
MinimumVisualStudioVersion = 10.0.40219.1
Project("{FAE04EC0-301F-11D3-BF4B-00C04F79EFBC}") = "MyFirstApp", "MyFirstApp\MyFirstApp.csproj", "{DF67D583-08B5-46E5-8D2E-8F3607455C9E}"
EndProject
Project("{FAE04EC0-301F-11D3-BF4B-00C04F79EFBC}") = "RoadBook.CsharpBasic.Chapter01", "RoadBook.CsharpBasic.Chapter01\RoadBook.CsharpBasic.Chapter01.csproj", "{605D8490-CC64-45E6-A751-AAA4C98E6614}"
EndProject
Project("{FAE04EC0-301F-11D3-BF4B-00C04F79EFBC}") = "RoadBook.CsharpBasic.Chapter02", "RoadBook.CsharpBasic.Chapter02\RoadBook.CsharpBasic.Chapter02.csproj", "{2949896B-E29C-40BB-BBC3-DF1A5FA8C007}"
EndProject
Project("{FAE04EC0-301F-11D3-BF4B-00C04F79EFBC}") = "RoadBook.CsharpBasic.Chapter03", "RoadBook.CsharpBasic.Chapter03\RoadBook.CsharpBasic.Chapter03.csproj", "{319922BE-3DB4-42B9-AAAA-A0A75EE7C52E}"
EndProject
Global
	GlobalSection(SolutionConfigurationPlatforms) = preSolution
		Debug|Any CPU = Debug|Any CPU
		Release|Any CPU = Release|Any CPU
	EndGlobalSection
	GlobalSection(ProjectConfigurationPlatforms) = postSolution
		{DF67D583-08B5-46E5-8D2E-8F3607455C9E}.Debug|Any CPU.ActiveCfg = Debug|Any CPU
		{DF67D583-08B5-46E5-8D2E-8F3607455C9E}.Debug|Any CPU.Build.0 = Debug|Any CPU
		{DF67D583-08B5-46E5-8D2E-8F3607455C9E}.Release|Any CPU.ActiveCfg = Release|Any CPU
		{DF67D583-08B5-46E5-8D2E-8F3607455C9E}.Release|Any CPU.Build.0 = Release|Any CPU
		{605D8490-CC64-45E6-A751-AAA4C98E6614}.Debug|Any CPU.ActiveCfg = Debug|Any CPU
		{605D8490-CC64-45E6-A751-AAA4C98E6614}.Debug|Any CPU.Build.0 = Debug|Any CPU
		{605D8490-CC64-45E6-A751-AAA4C98E6614}.Release|Any CPU.ActiveCfg = Release|Any CPU
		{605D8490-CC64-45E6-A751-AAA4C98E6614}.Release|Any CPU.Build.0 = Release|Any CPU
		{2949896B-E29C-40BB-BBC3-DF1A5FA8C007}.Debug|Any CPU.ActiveCfg = Debug|Any CPU
		{2949896B-E29C-40BB-BBC3-DF1A5FA8C007}.Debug|Any CPU.Build.0 = Debug|Any CPU
		{2949896B-E29C-40BB-BBC3-DF1A5FA8C007}.Release|Any CPU.ActiveCfg = Release|Any CPU
		{2949896B-E29C-40BB-BBC3-DF1A5FA8C007}.Release|Any CPU.Build.0 = Release|Any CPU
		{319922BE-3DB4-42B9-AAAA-A0A75EE7C52E}.Debug|Any CPU.ActiveCfg = Debug|Any CPU
		{319922BE-3DB4-42B9-AAAA-A0A75EE7C52E}.Debug|Any CPU.Build.0 = Debug|Any CPU
		{319922BE-3DB4-42B9-AAAA-A0A75EE7C52E}.Release|Any CPU.ActiveCfg = Release|Any CPU
		{319922BE-3DB4-42B9-AAAA-A0A75EE7C52E}.Release|Any CPU.Build.0 = Release|Any CPU
	EndGlobalSection
	GlobalSection(SolutionProperties) = preSolution
		HideSolutionNode = FALSE
	EndGlobalSection
	GlobalSection(ExtensibilityGlobals) = postSolution
		SolutionGuid = {E1BF87F7-790F-4185-A168-434BD3B649CD}
	EndGlobalSection
EndGlobal
